
Microsoft Visual Studio Solution File, Format Version 12.00
# Visual Studio Express 2012 for Windows Desktop
Project("{FAE04EC0-301F-11D3-BF4B-00C04F79EFBC}") = "Fly_up", "Fly_up\Fly_up.csproj", "{01B8BEC4-C60F-4662-A31E-C8EB7749D93A}"
EndProject
Global
	GlobalSection(SolutionConfigurationPlatforms) = preSolution
		Debug|Any CPU = Debug|Any CPU
		Release|Any CPU = Release|Any CPU
	EndGlobalSection
	GlobalSection(ProjectConfigurationPlatforms) = postSolution
		{01B8BEC4-C60F-4662-A31E-C8EB7749D93A}.Debug|Any CPU.ActiveCfg = Debug|Any CPU
		{01B8BEC4-C60F-4662-A31E-C8EB7749D93A}.Debug|Any CPU.Build.0 = Debug|Any CPU
		{01B8BEC4-C60F-4662-A31E-C8EB7749D93A}.Release|Any CPU.ActiveCfg = Release|Any CPU
		{01B8BEC4-C60F-4662-A31E-C8EB7749D93A}.Release|Any CPU.Build.0 = Release|Any CPU
	EndGlobalSection
	GlobalSection(SolutionProperties) = preSolution
		HideSolutionNode = FALSE
	EndGlobalSection
EndGlobal
